
Microsoft Visual Studio Solution File, Format Version 12.00
# Visual Studio Version 16
VisualStudioVersion = 16.0.30413.136
MinimumVisualStudioVersion = 10.0.40219.1
Project("{FAE04EC0-301F-11D3-BF4B-00C04F79EFBC}") = "Labb3", "Labb3\Labb3.csproj", "{76394433-CD60-44CE-BCC3-023D03D0A79D}"
EndProject
Global
	GlobalSection(SolutionConfigurationPlatforms) = preSolution
		Debug|Any CPU = Debug|Any CPU
		Release|Any CPU = Release|Any CPU
	EndGlobalSection
	GlobalSection(ProjectConfigurationPlatforms) = postSolution
		{76394433-CD60-44CE-BCC3-023D03D0A79D}.Debug|Any CPU.ActiveCfg = Debug|Any CPU
		{76394433-CD60-44CE-BCC3-023D03D0A79D}.Debug|Any CPU.Build.0 = Debug|Any CPU
		{76394433-CD60-44CE-BCC3-023D03D0A79D}.Release|Any CPU.ActiveCfg = Release|Any CPU
		{76394433-CD60-44CE-BCC3-023D03D0A79D}.Release|Any CPU.Build.0 = Release|Any CPU
	EndGlobalSection
	GlobalSection(SolutionProperties) = preSolution
		HideSolutionNode = FALSE
	EndGlobalSection
	GlobalSection(ExtensibilityGlobals) = postSolution
		SolutionGuid = {BE3E5381-9CA2-49F7-8380-5CDBBAC461F7}
	EndGlobalSection
EndGlobal
